<?xml version="1.0" encoding="utf-8"?>
<Project ToolsVersion="4.0" xmlns="http://schemas.microsoft.com/developer/msbuild/2003">
  <ItemGroup>
    <Filter Include="Source Files">
      <UniqueIdentifier>{4FC737F1-C7A5-4376-A066-2A32D752A2FF}</UniqueIdentifier>
      <Extensions>cpp;c;cc;cxx;c++;cppm;ixx;def;odl;idl;hpj;bat;asm;asmx</Extensions>
    </Filter>
    <Filter Include="Header Files">
      <UniqueIdentifier>{93995380-89BD-4b04-88EB-625FBE52EBFB}</UniqueIdentifier>
      <Extensions>h;hh;hpp;hxx;h++;hm;inl;inc;ipp;xsd</Extensions>
    </Filter>
    <Filter Include="Resource Files">
      <UniqueIdentifier>{67DA6AB6-F800-4c08-8B7A-83BB121AAD01}</UniqueIdentifier>
      <Extensions>rc;ico;cur;bmp;dlg;rc2;rct;bin;rgs;gif;jpg;jpeg;jpe;resx;tiff;tif;png;wav;mfcribbon-ms</Extensions>
    </Filter>
  </ItemGroup>
  <ItemGroup>
    <ClCompile Include="main.c">
      <Filter>Source Files</Filter>
    </ClCompile>
    <ClCompile Include="..\..\libs\src\hash_table.c">
      <Filter>Resource Files</Filter>
    </ClCompile>
    <ClCompile Include="..\..\libs\src\cust_string.c">
      <Filter>Resource Files</Filter>
    </ClCompile>
    <ClCompile Include="..\..\libs\src\u_list.c">
      <Filter>Resource Files</Filter>
    </ClCompile>
    <ClCompile Include="..\..\libs\src\convertors.c">
      <Filter>Resource Files</Filter>
    </ClCompile>
    <ClCompile Include="..\..\libs\src\parse_config.c">
      <Filter>Resource Files</Filter>
    </ClCompile>
    <ClCompile Include="..\..\libs\src\convert_notations.c">
      <Filter>Resource Files</Filter>
    </ClCompile>
    <ClCompile Include="..\..\libs\src\cust_stack.c">
      <Filter>Resource Files</Filter>
    </ClCompile>
    <ClCompile Include="..\..\libs\src\dynamic_array_of_char.c">
      <Filter>Resource Files</Filter>
    </ClCompile>
  </ItemGroup>
  <ItemGroup>
    <ClInclude Include="..\..\libs\hash_table.h">
      <Filter>Header Files</Filter>
    </ClInclude>
    <ClInclude Include="..\..\libs\error.h">
      <Filter>Header Files</Filter>
    </ClInclude>
    <ClInclude Include="..\..\libs\cust_string.h">
      <Filter>Header Files</Filter>
    </ClInclude>
    <ClInclude Include="..\..\libs\u_list.h">
      <Filter>Header Files</Filter>
    </ClInclude>
    <ClInclude Include="..\..\libs\convertors.h">
      <Filter>Header Files</Filter>
    </ClInclude>
    <ClInclude Include="..\..\libs\parse_config.h">
      <Filter>Header Files</Filter>
    </ClInclude>
    <ClInclude Include="..\..\libs\convert_notations.h">
      <Filter>Header Files</Filter>
    </ClInclude>
    <ClInclude Include="..\..\libs\cust_stack.h">
      <Filter>Header Files</Filter>
    </ClInclude>
    <ClInclude Include="..\..\libs\dynamic_array_of_char.h">
      <Filter>Header Files</Filter>
    </ClInclude>
  </ItemGroup>
</Project>