
Microsoft Visual Studio Solution File, Format Version 12.00
Project("{FAE04EC0-301F-11D3-BF4B-00C04F79EFBC}") = "tw_hw_9_UI_task_1", "tw_hw_9_UI_task_1\tw_hw_9_UI_task_1.csproj", "{83028BE9-4FD3-44FD-A484-0B63783DFB43}"
EndProject
Project("{FAE04EC0-301F-11D3-BF4B-00C04F79EFBC}") = "tw_hw_9_UI_task_2", "tw_hw_9_UI_task_2\tw_hw_9_UI_task_2.csproj", "{16F3FC36-35D6-42E3-B768-541415A469D9}"
EndProject
Global
	GlobalSection(SolutionConfigurationPlatforms) = preSolution
		Debug|Any CPU = Debug|Any CPU
		Release|Any CPU = Release|Any CPU
	EndGlobalSection
	GlobalSection(ProjectConfigurationPlatforms) = postSolution
		{83028BE9-4FD3-44FD-A484-0B63783DFB43}.Debug|Any CPU.ActiveCfg = Debug|Any CPU
		{83028BE9-4FD3-44FD-A484-0B63783DFB43}.Debug|Any CPU.Build.0 = Debug|Any CPU
		{83028BE9-4FD3-44FD-A484-0B63783DFB43}.Release|Any CPU.ActiveCfg = Release|Any CPU
		{83028BE9-4FD3-44FD-A484-0B63783DFB43}.Release|Any CPU.Build.0 = Release|Any CPU
		{16F3FC36-35D6-42E3-B768-541415A469D9}.Debug|Any CPU.ActiveCfg = Debug|Any CPU
		{16F3FC36-35D6-42E3-B768-541415A469D9}.Debug|Any CPU.Build.0 = Debug|Any CPU
		{16F3FC36-35D6-42E3-B768-541415A469D9}.Release|Any CPU.ActiveCfg = Release|Any CPU
		{16F3FC36-35D6-42E3-B768-541415A469D9}.Release|Any CPU.Build.0 = Release|Any CPU
	EndGlobalSection
EndGlobal
